
Microsoft Visual Studio Solution File, Format Version 12.00
# Visual Studio Version 17
VisualStudioVersion = 17.13.35825.156
MinimumVisualStudioVersion = 10.0.40219.1
Project("{2150E333-8FDC-42A3-9474-1A3956D46DE8}") = "src", "src", "{02EA681E-C7D8-13C7-8484-4AC65E1B71E8}"
EndProject
Project("{2150E333-8FDC-42A3-9474-1A3956D46DE8}") = "Building Blocks", "Building Blocks", "{88A68449-0633-4C99-A4A2-602503D34DC8}"
EndProject
Project("{2150E333-8FDC-42A3-9474-1A3956D46DE8}") = "Services", "Services", "{E56439C3-D6AB-4206-ABD3-6043FC1BE61C}"
EndProject
Project("{2150E333-8FDC-42A3-9474-1A3956D46DE8}") = "Web", "Web", "{2A539B1E-6DCE-4FD8-B787-DC1F9D0E303C}"
EndProject
Project("{2150E333-8FDC-42A3-9474-1A3956D46DE8}") = "Identity", "Identity", "{9EC88ED7-6D62-49B6-917C-E3322D951B8B}"
EndProject
Project("{FAE04EC0-301F-11D3-BF4B-00C04F79EFBC}") = "NSE.Identity.API", "src\Services\NSE.Identity.API\NSE.Identity.API.csproj", "{2DADC841-B9C7-48C0-8467-F09DB0D19217}"
EndProject
Project("{2150E333-8FDC-42A3-9474-1A3956D46DE8}") = "MVC", "MVC", "{60F9A476-E76A-4C22-B558-E5D8FE54FD3A}"
EndProject
Project("{FAE04EC0-301F-11D3-BF4B-00C04F79EFBC}") = "NSE.WebApp.MVC", "src\Web\NSE.WebApp.MVC\NSE.WebApp.MVC.csproj", "{F351FFC2-04F2-4E59-AFC3-39E6FD87C537}"
EndProject
Project("{2150E333-8FDC-42A3-9474-1A3956D46DE8}") = "Shared", "Shared", "{3F969879-C74C-4F27-B009-7DC86DF5C9B8}"
EndProject
Project("{FAE04EC0-301F-11D3-BF4B-00C04F79EFBC}") = "NSE.Shared", "src\Building Blocks\NSE.Shared\NSE.Shared.csproj", "{71C9EAF6-79C2-4BD2-8136-00847664AB6A}"
EndProject
Project("{2150E333-8FDC-42A3-9474-1A3956D46DE8}") = "Solution Items", "Solution Items", "{C4CF6EFC-A4ED-4A32-A650-49B108C18A01}"
	ProjectSection(SolutionItems) = preProject
		.editorconfig = .editorconfig
	EndProjectSection
EndProject
Project("{2150E333-8FDC-42A3-9474-1A3956D46DE8}") = "Catalog", "Catalog", "{069512E6-1674-4FE3-8826-5DE6F1992FC2}"
EndProject
Project("{FAE04EC0-301F-11D3-BF4B-00C04F79EFBC}") = "NSE.Catalog.API", "src\Services\NSE.Catalog.API\NSE.Catalog.API.csproj", "{81DA493E-C087-4A4D-879C-198982A1C37F}"
EndProject
Project("{2150E333-8FDC-42A3-9474-1A3956D46DE8}") = "Cart", "Cart", "{82E3175B-F61C-4878-9066-2D3DFB81FD54}"
EndProject
Project("{FAE04EC0-301F-11D3-BF4B-00C04F79EFBC}") = "NSE.Cart.API", "src\Services\NSE.Cart.API\NSE.Cart.API.csproj", "{BB5C67F8-28EB-4D5F-9D6F-8400A5B5C960}"
EndProject
Project("{2150E333-8FDC-42A3-9474-1A3956D46DE8}") = "Providers", "Providers", "{6F8660BE-7C80-48AE-9F2D-BA0A0DD627E6}"
EndProject
Project("{FAE04EC0-301F-11D3-BF4B-00C04F79EFBC}") = "NSE.Providers", "src\Building Blocks\NSE.Providers\NSE.Providers.csproj", "{0C143953-2640-4D8E-B96C-DA9468A1719F}"
EndProject
Global
	GlobalSection(SolutionConfigurationPlatforms) = preSolution
		Debug|Any CPU = Debug|Any CPU
		Release|Any CPU = Release|Any CPU
	EndGlobalSection
	GlobalSection(ProjectConfigurationPlatforms) = postSolution
		{2DADC841-B9C7-48C0-8467-F09DB0D19217}.Debug|Any CPU.ActiveCfg = Debug|Any CPU
		{2DADC841-B9C7-48C0-8467-F09DB0D19217}.Debug|Any CPU.Build.0 = Debug|Any CPU
		{2DADC841-B9C7-48C0-8467-F09DB0D19217}.Release|Any CPU.ActiveCfg = Release|Any CPU
		{2DADC841-B9C7-48C0-8467-F09DB0D19217}.Release|Any CPU.Build.0 = Release|Any CPU
		{F351FFC2-04F2-4E59-AFC3-39E6FD87C537}.Debug|Any CPU.ActiveCfg = Debug|Any CPU
		{F351FFC2-04F2-4E59-AFC3-39E6FD87C537}.Debug|Any CPU.Build.0 = Debug|Any CPU
		{F351FFC2-04F2-4E59-AFC3-39E6FD87C537}.Release|Any CPU.ActiveCfg = Release|Any CPU
		{F351FFC2-04F2-4E59-AFC3-39E6FD87C537}.Release|Any CPU.Build.0 = Release|Any CPU
		{71C9EAF6-79C2-4BD2-8136-00847664AB6A}.Debug|Any CPU.ActiveCfg = Debug|Any CPU
		{71C9EAF6-79C2-4BD2-8136-00847664AB6A}.Debug|Any CPU.Build.0 = Debug|Any CPU
		{71C9EAF6-79C2-4BD2-8136-00847664AB6A}.Release|Any CPU.ActiveCfg = Release|Any CPU
		{71C9EAF6-79C2-4BD2-8136-00847664AB6A}.Release|Any CPU.Build.0 = Release|Any CPU
		{81DA493E-C087-4A4D-879C-198982A1C37F}.Debug|Any CPU.ActiveCfg = Debug|Any CPU
		{81DA493E-C087-4A4D-879C-198982A1C37F}.Debug|Any CPU.Build.0 = Debug|Any CPU
		{81DA493E-C087-4A4D-879C-198982A1C37F}.Release|Any CPU.ActiveCfg = Release|Any CPU
		{81DA493E-C087-4A4D-879C-198982A1C37F}.Release|Any CPU.Build.0 = Release|Any CPU
		{BB5C67F8-28EB-4D5F-9D6F-8400A5B5C960}.Debug|Any CPU.ActiveCfg = Debug|Any CPU
		{BB5C67F8-28EB-4D5F-9D6F-8400A5B5C960}.Debug|Any CPU.Build.0 = Debug|Any CPU
		{BB5C67F8-28EB-4D5F-9D6F-8400A5B5C960}.Release|Any CPU.ActiveCfg = Release|Any CPU
		{BB5C67F8-28EB-4D5F-9D6F-8400A5B5C960}.Release|Any CPU.Build.0 = Release|Any CPU
		{0C143953-2640-4D8E-B96C-DA9468A1719F}.Debug|Any CPU.ActiveCfg = Debug|Any CPU
		{0C143953-2640-4D8E-B96C-DA9468A1719F}.Debug|Any CPU.Build.0 = Debug|Any CPU
		{0C143953-2640-4D8E-B96C-DA9468A1719F}.Release|Any CPU.ActiveCfg = Release|Any CPU
		{0C143953-2640-4D8E-B96C-DA9468A1719F}.Release|Any CPU.Build.0 = Release|Any CPU
	EndGlobalSection
	GlobalSection(SolutionProperties) = preSolution
		HideSolutionNode = FALSE
	EndGlobalSection
	GlobalSection(NestedProjects) = preSolution
		{88A68449-0633-4C99-A4A2-602503D34DC8} = {02EA681E-C7D8-13C7-8484-4AC65E1B71E8}
		{E56439C3-D6AB-4206-ABD3-6043FC1BE61C} = {02EA681E-C7D8-13C7-8484-4AC65E1B71E8}
		{2A539B1E-6DCE-4FD8-B787-DC1F9D0E303C} = {02EA681E-C7D8-13C7-8484-4AC65E1B71E8}
		{9EC88ED7-6D62-49B6-917C-E3322D951B8B} = {E56439C3-D6AB-4206-ABD3-6043FC1BE61C}
		{2DADC841-B9C7-48C0-8467-F09DB0D19217} = {9EC88ED7-6D62-49B6-917C-E3322D951B8B}
		{60F9A476-E76A-4C22-B558-E5D8FE54FD3A} = {2A539B1E-6DCE-4FD8-B787-DC1F9D0E303C}
		{F351FFC2-04F2-4E59-AFC3-39E6FD87C537} = {60F9A476-E76A-4C22-B558-E5D8FE54FD3A}
		{3F969879-C74C-4F27-B009-7DC86DF5C9B8} = {88A68449-0633-4C99-A4A2-602503D34DC8}
		{71C9EAF6-79C2-4BD2-8136-00847664AB6A} = {3F969879-C74C-4F27-B009-7DC86DF5C9B8}
		{069512E6-1674-4FE3-8826-5DE6F1992FC2} = {E56439C3-D6AB-4206-ABD3-6043FC1BE61C}
		{81DA493E-C087-4A4D-879C-198982A1C37F} = {069512E6-1674-4FE3-8826-5DE6F1992FC2}
		{82E3175B-F61C-4878-9066-2D3DFB81FD54} = {E56439C3-D6AB-4206-ABD3-6043FC1BE61C}
		{BB5C67F8-28EB-4D5F-9D6F-8400A5B5C960} = {82E3175B-F61C-4878-9066-2D3DFB81FD54}
		{6F8660BE-7C80-48AE-9F2D-BA0A0DD627E6} = {88A68449-0633-4C99-A4A2-602503D34DC8}
		{0C143953-2640-4D8E-B96C-DA9468A1719F} = {6F8660BE-7C80-48AE-9F2D-BA0A0DD627E6}
	EndGlobalSection
	GlobalSection(ExtensibilityGlobals) = postSolution
		SolutionGuid = {2C7BF102-D870-416A-AD37-F2E30F45CBB6}
	EndGlobalSection
EndGlobal
